
Microsoft Visual Studio Solution File, Format Version 12.00
# Visual Studio Version 17
VisualStudioVersion = 17.10.34928.147
MinimumVisualStudioVersion = 10.0.40219.1
Project("{FAE04EC0-301F-11D3-BF4B-00C04F79EFBC}") = "WPFApp", "WPFApp\WPFApp.csproj", "{47B03D50-015A-4EC1-A31D-A24B7113BE0A}"
EndProject
Project("{FAE04EC0-301F-11D3-BF4B-00C04F79EFBC}") = "BusinessObjects", "BusinessObjects\BusinessObjects.csproj", "{7CC751A0-4FAE-4FB4-8704-D0738A1B0774}"
EndProject
Project("{FAE04EC0-301F-11D3-BF4B-00C04F79EFBC}") = "DataAccessObjects", "DataAccessObjects\DataAccessObjects.csproj", "{F4624241-73D6-4597-828B-3FC44F04B85A}"
EndProject
Project("{FAE04EC0-301F-11D3-BF4B-00C04F79EFBC}") = "Repositories", "Repositories\Repositories.csproj", "{70315326-CDAA-4B0A-9A44-916491ADF574}"
EndProject
Project("{FAE04EC0-301F-11D3-BF4B-00C04F79EFBC}") = "Services", "Services\Services.csproj", "{8D081AA8-3EFC-4D43-BEF9-4561A134C600}"
EndProject
Global
	GlobalSection(SolutionConfigurationPlatforms) = preSolution
		Debug|Any CPU = Debug|Any CPU
		Release|Any CPU = Release|Any CPU
	EndGlobalSection
	GlobalSection(ProjectConfigurationPlatforms) = postSolution
		{47B03D50-015A-4EC1-A31D-A24B7113BE0A}.Debug|Any CPU.ActiveCfg = Debug|Any CPU
		{47B03D50-015A-4EC1-A31D-A24B7113BE0A}.Debug|Any CPU.Build.0 = Debug|Any CPU
		{47B03D50-015A-4EC1-A31D-A24B7113BE0A}.Release|Any CPU.ActiveCfg = Release|Any CPU
		{47B03D50-015A-4EC1-A31D-A24B7113BE0A}.Release|Any CPU.Build.0 = Release|Any CPU
		{7CC751A0-4FAE-4FB4-8704-D0738A1B0774}.Debug|Any CPU.ActiveCfg = Debug|Any CPU
		{7CC751A0-4FAE-4FB4-8704-D0738A1B0774}.Debug|Any CPU.Build.0 = Debug|Any CPU
		{7CC751A0-4FAE-4FB4-8704-D0738A1B0774}.Release|Any CPU.ActiveCfg = Release|Any CPU
		{7CC751A0-4FAE-4FB4-8704-D0738A1B0774}.Release|Any CPU.Build.0 = Release|Any CPU
		{F4624241-73D6-4597-828B-3FC44F04B85A}.Debug|Any CPU.ActiveCfg = Debug|Any CPU
		{F4624241-73D6-4597-828B-3FC44F04B85A}.Debug|Any CPU.Build.0 = Debug|Any CPU
		{F4624241-73D6-4597-828B-3FC44F04B85A}.Release|Any CPU.ActiveCfg = Release|Any CPU
		{F4624241-73D6-4597-828B-3FC44F04B85A}.Release|Any CPU.Build.0 = Release|Any CPU
		{70315326-CDAA-4B0A-9A44-916491ADF574}.Debug|Any CPU.ActiveCfg = Debug|Any CPU
		{70315326-CDAA-4B0A-9A44-916491ADF574}.Debug|Any CPU.Build.0 = Debug|Any CPU
		{70315326-CDAA-4B0A-9A44-916491ADF574}.Release|Any CPU.ActiveCfg = Release|Any CPU
		{70315326-CDAA-4B0A-9A44-916491ADF574}.Release|Any CPU.Build.0 = Release|Any CPU
		{8D081AA8-3EFC-4D43-BEF9-4561A134C600}.Debug|Any CPU.ActiveCfg = Debug|Any CPU
		{8D081AA8-3EFC-4D43-BEF9-4561A134C600}.Debug|Any CPU.Build.0 = Debug|Any CPU
		{8D081AA8-3EFC-4D43-BEF9-4561A134C600}.Release|Any CPU.ActiveCfg = Release|Any CPU
		{8D081AA8-3EFC-4D43-BEF9-4561A134C600}.Release|Any CPU.Build.0 = Release|Any CPU
	EndGlobalSection
	GlobalSection(SolutionProperties) = preSolution
		HideSolutionNode = FALSE
	EndGlobalSection
	GlobalSection(ExtensibilityGlobals) = postSolution
		SolutionGuid = {1638758E-B8A3-491F-ADE9-0E13E9E21170}
	EndGlobalSection
EndGlobal
